
Microsoft Visual Studio Solution File, Format Version 12.00
# Visual Studio Version 16
VisualStudioVersion = 16.0.33130.400
MinimumVisualStudioVersion = 10.0.40219.1
Project("{FAE04EC0-301F-11D3-BF4B-00C04F79EFBC}") = "EjemploABM", "EjemploABM\EjemploABM.csproj", "{5E595C55-1764-4CD9-AC5C-711890B4F1D4}"
EndProject
Global
	GlobalSection(SolutionConfigurationPlatforms) = preSolution
		Debug|Any CPU = Debug|Any CPU
		Release|Any CPU = Release|Any CPU
	EndGlobalSection
	GlobalSection(ProjectConfigurationPlatforms) = postSolution
		{5E595C55-1764-4CD9-AC5C-711890B4F1D4}.Debug|Any CPU.ActiveCfg = Debug|Any CPU
		{5E595C55-1764-4CD9-AC5C-711890B4F1D4}.Debug|Any CPU.Build.0 = Debug|Any CPU
		{5E595C55-1764-4CD9-AC5C-711890B4F1D4}.Release|Any CPU.ActiveCfg = Release|Any CPU
		{5E595C55-1764-4CD9-AC5C-711890B4F1D4}.Release|Any CPU.Build.0 = Release|Any CPU
	EndGlobalSection
	GlobalSection(SolutionProperties) = preSolution
		HideSolutionNode = FALSE
	EndGlobalSection
	GlobalSection(ExtensibilityGlobals) = postSolution
		SolutionGuid = {BAEE72A4-1A40-46B6-898F-37B951E20A08}
	EndGlobalSection
EndGlobal
