
Microsoft Visual Studio Solution File, Format Version 12.00
# Visual Studio Version 17
VisualStudioVersion = 17.7.34009.444
MinimumVisualStudioVersion = 10.0.40219.1
Project("{FAE04EC0-301F-11D3-BF4B-00C04F79EFBC}") = "PrototipoAppDesktop", "PrototipoAppDesktop\PrototipoAppDesktop.csproj", "{D5824428-EAFF-4AA5-A9F6-25A63B8E2DD3}"
EndProject
Global
	GlobalSection(SolutionConfigurationPlatforms) = preSolution
		Debug|Any CPU = Debug|Any CPU
		Release|Any CPU = Release|Any CPU
	EndGlobalSection
	GlobalSection(ProjectConfigurationPlatforms) = postSolution
		{D5824428-EAFF-4AA5-A9F6-25A63B8E2DD3}.Debug|Any CPU.ActiveCfg = Debug|Any CPU
		{D5824428-EAFF-4AA5-A9F6-25A63B8E2DD3}.Debug|Any CPU.Build.0 = Debug|Any CPU
		{D5824428-EAFF-4AA5-A9F6-25A63B8E2DD3}.Release|Any CPU.ActiveCfg = Release|Any CPU
		{D5824428-EAFF-4AA5-A9F6-25A63B8E2DD3}.Release|Any CPU.Build.0 = Release|Any CPU
	EndGlobalSection
	GlobalSection(SolutionProperties) = preSolution
		HideSolutionNode = FALSE
	EndGlobalSection
	GlobalSection(ExtensibilityGlobals) = postSolution
		SolutionGuid = {9745CE1C-6DD9-4B6E-AD6D-3D1A5133845B}
	EndGlobalSection
EndGlobal
